
Microsoft Visual Studio Solution File, Format Version 12.00
# Visual Studio Version 17
VisualStudioVersion = 17.7.34018.315
MinimumVisualStudioVersion = 10.0.40219.1
Project("{FAE04EC0-301F-11D3-BF4B-00C04F79EFBC}") = "ProyectoTravelNest", "ProyectoTravelNest\ProyectoTravelNest.csproj", "{055DBB09-8C9D-4AE3-9E45-71B0A6DBF9AA}"
EndProject
Project("{FAE04EC0-301F-11D3-BF4B-00C04F79EFBC}") = "Datos", "Datos\Datos.csproj", "{20E9343A-0AEA-434E-B393-99DB8B280584}"
EndProject
Project("{FAE04EC0-301F-11D3-BF4B-00C04F79EFBC}") = "Negocios", "Negocios\Negocios.csproj", "{CAF3E973-859A-4D5F-B678-41074C25BC67}"
EndProject
Project("{FAE04EC0-301F-11D3-BF4B-00C04F79EFBC}") = "Entidades", "Entidades\Entidades.csproj", "{16119344-839E-494A-98DE-6757AE295CE8}"
EndProject
Global
	GlobalSection(SolutionConfigurationPlatforms) = preSolution
		Debug|Any CPU = Debug|Any CPU
		Release|Any CPU = Release|Any CPU
	EndGlobalSection
	GlobalSection(ProjectConfigurationPlatforms) = postSolution
		{055DBB09-8C9D-4AE3-9E45-71B0A6DBF9AA}.Debug|Any CPU.ActiveCfg = Debug|Any CPU
		{055DBB09-8C9D-4AE3-9E45-71B0A6DBF9AA}.Debug|Any CPU.Build.0 = Debug|Any CPU
		{055DBB09-8C9D-4AE3-9E45-71B0A6DBF9AA}.Release|Any CPU.ActiveCfg = Release|Any CPU
		{055DBB09-8C9D-4AE3-9E45-71B0A6DBF9AA}.Release|Any CPU.Build.0 = Release|Any CPU
		{20E9343A-0AEA-434E-B393-99DB8B280584}.Debug|Any CPU.ActiveCfg = Debug|Any CPU
		{20E9343A-0AEA-434E-B393-99DB8B280584}.Debug|Any CPU.Build.0 = Debug|Any CPU
		{20E9343A-0AEA-434E-B393-99DB8B280584}.Release|Any CPU.ActiveCfg = Release|Any CPU
		{20E9343A-0AEA-434E-B393-99DB8B280584}.Release|Any CPU.Build.0 = Release|Any CPU
		{CAF3E973-859A-4D5F-B678-41074C25BC67}.Debug|Any CPU.ActiveCfg = Debug|Any CPU
		{CAF3E973-859A-4D5F-B678-41074C25BC67}.Debug|Any CPU.Build.0 = Debug|Any CPU
		{CAF3E973-859A-4D5F-B678-41074C25BC67}.Release|Any CPU.ActiveCfg = Release|Any CPU
		{CAF3E973-859A-4D5F-B678-41074C25BC67}.Release|Any CPU.Build.0 = Release|Any CPU
		{16119344-839E-494A-98DE-6757AE295CE8}.Debug|Any CPU.ActiveCfg = Debug|Any CPU
		{16119344-839E-494A-98DE-6757AE295CE8}.Debug|Any CPU.Build.0 = Debug|Any CPU
		{16119344-839E-494A-98DE-6757AE295CE8}.Release|Any CPU.ActiveCfg = Release|Any CPU
		{16119344-839E-494A-98DE-6757AE295CE8}.Release|Any CPU.Build.0 = Release|Any CPU
	EndGlobalSection
	GlobalSection(SolutionProperties) = preSolution
		HideSolutionNode = FALSE
	EndGlobalSection
	GlobalSection(ExtensibilityGlobals) = postSolution
		SolutionGuid = {F320C79F-B54F-4D9A-8FDA-E1DB6D0E2BC0}
	EndGlobalSection
EndGlobal
